{
  "version": 4,
  "terraform_version": "1.8.3",
  "serial": 1,
  "lineage": "765c0d43-3dd4-5a3e-58e5-c0a5b36edd5a",
  "outputs": {},
  "resources": [
    {
      "mode": "data",
      "type": "archive_file",
      "name": "lambda",
      "provider": "provider[\"registry.terraform.io/hashicorp/archive\"]",
      "instances": [
        {
          "schema_version": 0,
          "attributes": {
            "exclude_symlink_directories": null,
            "excludes": null,
            "id": "2482b24ab7ae652d0f84b758916f60163f83af20",
            "output_base64sha256": "59d1j+/7NvmZ1hsnDCIpG172Rw7l4CqnRsOE8arvUbU=",
            "output_base64sha512": "XqtxxLHJ2JOPzvho59hJucRhrEWRCHdnkM1Eu238Y9Mpg2USQbndM/7zANkExSfxhCG4hYeuFEefcKXCjSKGwg==",
            "output_file_mode": null,
            "output_md5": "5a2190e4dcf3e8d60efd1fcfb57d3aca",
            "output_path": "lambda_function_payload.zip",
            "output_sha": "2482b24ab7ae652d0f84b758916f60163f83af20",
            "output_sha256": "e7d7758feffb36f999d61b270c22291b5ef6470ee5e02aa746c384f1aaef51b5",
            "output_sha512": "5eab71c4b1c9d8938fcef868e7d849b9c461ac459108776790cd44bb6dfc63d32983651241b9dd33fef300d904c527f18421b88587ae14479f70a5c28d2286c2",
            "output_size": 1203,
            "source": [],
            "source_content": null,
            "source_content_filename": null,
            "source_dir": null,
            "source_file": "jre141-api-lambda-code.py",
            "type": "zip"
          },
          "sensitive_attributes": []
        }
      ]
    },
    {
      "mode": "managed",
      "type": "aws_lambda_function",
      "name": "test_lambda",
      "provider": "provider[\"registry.terraform.io/hashicorp/aws\"]",
      "instances": [
        {
          "schema_version": 0,
          "attributes": {
            "architectures": [
              "x86_64"
            ],
            "arn": "arn:aws:lambda:ap-southeast-2:454456403374:function:data472-terraform-lambda-test",
            "code_signing_config_arn": "",
            "dead_letter_config": [],
            "description": "",
            "environment": [
              {
                "variables": {
                  "foo": "bar"
                }
              }
            ],
            "ephemeral_storage": [
              {
                "size": 512
              }
            ],
            "file_system_config": [],
            "filename": "lambda_function_payload.zip",
            "function_name": "data472-terraform-lambda-test",
            "handler": "jre141-api-lambda-code.lambda_handler",
            "id": "data472-terraform-lambda-test",
            "image_config": [],
            "image_uri": "",
            "invoke_arn": "arn:aws:apigateway:ap-southeast-2:lambda:path/2015-03-31/functions/arn:aws:lambda:ap-southeast-2:454456403374:function:data472-terraform-lambda-test/invocations",
            "kms_key_arn": "",
            "last_modified": "2024-05-15T00:52:09.962+0000",
            "layers": null,
            "logging_config": [
              {
                "application_log_level": "",
                "log_format": "Text",
                "log_group": "/aws/lambda/data472-terraform-lambda-test",
                "system_log_level": ""
              }
            ],
            "memory_size": 128,
            "package_type": "Zip",
            "publish": false,
            "qualified_arn": "arn:aws:lambda:ap-southeast-2:454456403374:function:data472-terraform-lambda-test:$LATEST",
            "qualified_invoke_arn": "arn:aws:apigateway:ap-southeast-2:lambda:path/2015-03-31/functions/arn:aws:lambda:ap-southeast-2:454456403374:function:data472-terraform-lambda-test:$LATEST/invocations",
            "replace_security_groups_on_destroy": null,
            "replacement_security_group_ids": null,
            "reserved_concurrent_executions": -1,
            "role": "arn:aws:iam::454456403374:role/DATA472-Lambda",
            "runtime": "python3.12",
            "s3_bucket": null,
            "s3_key": null,
            "s3_object_version": null,
            "signing_job_arn": "",
            "signing_profile_version_arn": "",
            "skip_destroy": false,
            "snap_start": [],
            "source_code_hash": "59d1j+/7NvmZ1hsnDCIpG172Rw7l4CqnRsOE8arvUbU=",
            "source_code_size": 1203,
            "tags": {
              "UserName": "jre141"
            },
            "tags_all": {
              "UserName": "jre141"
            },
            "timeout": 2,
            "timeouts": null,
            "tracing_config": [
              {
                "mode": "PassThrough"
              }
            ],
            "version": "$LATEST",
            "vpc_config": []
          },
          "sensitive_attributes": [],
          "private": "eyJlMmJmYjczMC1lY2FhLTExZTYtOGY4OC0zNDM2M2JjN2M0YzAiOnsiY3JlYXRlIjo2MDAwMDAwMDAwMDAsImRlbGV0ZSI6NjAwMDAwMDAwMDAwLCJ1cGRhdGUiOjYwMDAwMDAwMDAwMH19",
          "dependencies": [
            "data.archive_file.lambda"
          ]
        }
      ]
    }
  ],
  "check_results": null
}
